
Microsoft Visual Studio Solution File, Format Version 12.00
# Visual Studio Version 17
VisualStudioVersion = 17.11.35312.102
MinimumVisualStudioVersion = 10.0.40219.1
Project("{FAE04EC0-301F-11D3-BF4B-00C04F79EFBC}") = "Laba 3.2", "Laba 3.2.csproj", "{151180E7-51C6-46CA-B6D1-E8CFF8C015C5}"
EndProject
Global
	GlobalSection(SolutionConfigurationPlatforms) = preSolution
		Debug|Any CPU = Debug|Any CPU
		Release|Any CPU = Release|Any CPU
	EndGlobalSection
	GlobalSection(ProjectConfigurationPlatforms) = postSolution
		{151180E7-51C6-46CA-B6D1-E8CFF8C015C5}.Debug|Any CPU.ActiveCfg = Debug|Any CPU
		{151180E7-51C6-46CA-B6D1-E8CFF8C015C5}.Debug|Any CPU.Build.0 = Debug|Any CPU
		{151180E7-51C6-46CA-B6D1-E8CFF8C015C5}.Release|Any CPU.ActiveCfg = Release|Any CPU
		{151180E7-51C6-46CA-B6D1-E8CFF8C015C5}.Release|Any CPU.Build.0 = Release|Any CPU
	EndGlobalSection
	GlobalSection(SolutionProperties) = preSolution
		HideSolutionNode = FALSE
	EndGlobalSection
	GlobalSection(ExtensibilityGlobals) = postSolution
		SolutionGuid = {7ED9CEBC-E556-469A-9E57-7BBAEEBB81AD}
	EndGlobalSection
EndGlobal
